
Microsoft Visual Studio Solution File, Format Version 12.00
# Visual Studio Version 16
VisualStudioVersion = 16.0.30907.101
MinimumVisualStudioVersion = 10.0.40219.1
Project("{8BC9CEB8-8B4A-11D0-8D11-00A0C91BC942}") = "SailClient", "SailClient\SailClient.vcxproj", "{46D90FFA-C806-454F-BB1D-DB4B5FA38101}"
EndProject
Global
	GlobalSection(SolutionConfigurationPlatforms) = preSolution
		Debug|x64 = Debug|x64
		Release|x64 = Release|x64
	EndGlobalSection
	GlobalSection(ProjectConfigurationPlatforms) = postSolution
		{46D90FFA-C806-454F-BB1D-DB4B5FA38101}.Debug|x64.ActiveCfg = Debug|x64
		{46D90FFA-C806-454F-BB1D-DB4B5FA38101}.Debug|x64.Build.0 = Debug|x64
		{46D90FFA-C806-454F-BB1D-DB4B5FA38101}.Release|x64.ActiveCfg = Release|x64
		{46D90FFA-C806-454F-BB1D-DB4B5FA38101}.Release|x64.Build.0 = Release|x64
	EndGlobalSection
	GlobalSection(SolutionProperties) = preSolution
		HideSolutionNode = FALSE
	EndGlobalSection
	GlobalSection(ExtensibilityGlobals) = postSolution
		SolutionGuid = {8991E2E2-CC6D-43CB-A4B8-8027E2F3C6A3}
	EndGlobalSection
EndGlobal
